PODS:
  - Alamofire (5.0.0-rc.2)
  - AlamofireObjectMapper (6.2.0):
    - Alamofire (= 5.0.0-rc.2)
    - ObjectMapper (~> 3.5.1)
  - AZTabBar (1.4.2):
    - EasyNotificationBadge
  - CalendarDateRangePicker (2.0)
  - CountryList (1.1)
  - CountryPickerView (3.3.0)
  - DatePickerDialog (4.0)
  - DateTimePicker (2.5.3)
  - EasyNotificationBadge (1.2.5)
  - Firebase/CoreOnly (8.10.0):
    - FirebaseCore (= 8.10.0)
  - Firebase/Messaging (8.10.0):
    - Firebase/CoreOnly
    - FirebaseMessaging (~> 8.10.0)
  - FirebaseCore (8.10.0):
    - FirebaseCoreDiagnostics (~> 8.0)
    - GoogleUtilities/Environment (~> 7.6)
    - GoogleUtilities/Logger (~> 7.6)
  - FirebaseCoreDiagnostics (8.10.0):
    - GoogleDataTransport (~> 9.1)
    - GoogleUtilities/Environment (~> 7.6)
    - GoogleUtilities/Logger (~> 7.6)
    - nanopb (~> 2.30908.0)
  - FirebaseInstallations (8.10.0):
    - FirebaseCore (~> 8.0)
    - GoogleUtilities/Environment (~> 7.6)
    - GoogleUtilities/UserDefaults (~> 7.6)
    - PromisesObjC (< 3.0, >= 1.2)
  - FirebaseMessaging (8.10.0):
    - FirebaseCore (~> 8.0)
    - FirebaseInstallations (~> 8.0)
    - GoogleDataTransport (~> 9.1)
    - GoogleUtilities/AppDelegateSwizzler (~> 7.6)
    - GoogleUtilities/Environment (~> 7.6)
    - GoogleUtilities/Reachability (~> 7.6)
    - GoogleUtilities/UserDefaults (~> 7.6)
    - nanopb (~> 2.30908.0)
  - GoogleDataTransport (9.1.2):
    - GoogleUtilities/Environment (~> 7.2)
    - nanopb (~> 2.30908.0)
    - PromisesObjC (< 3.0, >= 1.2)
  - GoogleMaps (6.0.1):
    - GoogleMaps/Maps (= 6.0.1)
  - GoogleMaps/Base (6.0.1)
  - GoogleMaps/Maps (6.0.1):
    - GoogleMaps/Base
  - GooglePlaces (6.0.0)
  - GoogleUtilities/AppDelegateSwizzler (7.7.0):
    - GoogleUtilities/Environment
    - GoogleUtilities/Logger
    - GoogleUtilities/Network
  - GoogleUtilities/Environment (7.7.0):
    - PromisesObjC (< 3.0, >= 1.2)
  - GoogleUtilities/Logger (7.7.0):
    - GoogleUtilities/Environment
  - GoogleUtilities/Network (7.7.0):
    - GoogleUtilities/Logger
    - "GoogleUtilities/NSData+zlib"
    - GoogleUtilities/Reachability
  - "GoogleUtilities/NSData+zlib (7.7.0)"
  - GoogleUtilities/Reachability (7.7.0):
    - GoogleUtilities/Logger
  - GoogleUtilities/UserDefaults (7.7.0):
    - GoogleUtilities/Logger
  - ImageCropper (0.1.5.1)
  - IQKeyboardManagerSwift (6.4.2)
  - JGProgressHUD (2.2)
  - LanguageManager-iOS (1.2.5)
  - nanopb (2.30908.0):
    - nanopb/decode (= 2.30908.0)
    - nanopb/encode (= 2.30908.0)
  - nanopb/decode (2.30908.0)
  - nanopb/encode (2.30908.0)
  - ObjectMapper (3.5.3)
  - OTPFieldView (1.0.1)
  - PromisesObjC (2.0.0)
  - SDWebImage (5.12.2):
    - SDWebImage/Core (= 5.12.2)
  - SDWebImage/Core (5.12.2)
  - Toast-Swift (4.0.1)
  - "UITextView+Placeholder (1.4.0)"

DEPENDENCIES:
  - AlamofireObjectMapper
  - AZTabBar
  - CalendarDateRangePicker
  - CountryList
  - CountryPickerView
  - DatePickerDialog
  - DateTimePicker
  - Firebase/Messaging
  - GoogleMaps
  - GooglePlaces
  - ImageCropper
  - IQKeyboardManagerSwift (~> 6.4.1)
  - JGProgressHUD
  - LanguageManager-iOS
  - OTPFieldView
  - SDWebImage
  - Toast-Swift (~> 4.0.0)
  - "UITextView+Placeholder"

SPEC REPOS:
  trunk:
    - Alamofire
    - AlamofireObjectMapper
    - AZTabBar
    - CalendarDateRangePicker
    - CountryList
    - CountryPickerView
    - DatePickerDialog
    - DateTimePicker
    - EasyNotificationBadge
    - Firebase
    - FirebaseCore
    - FirebaseCoreDiagnostics
    - FirebaseInstallations
    - FirebaseMessaging
    - GoogleDataTransport
    - GoogleMaps
    - GooglePlaces
    - GoogleUtilities
    - ImageCropper
    - IQKeyboardManagerSwift
    - JGProgressHUD
    - LanguageManager-iOS
    - nanopb
    - ObjectMapper
    - OTPFieldView
    - PromisesObjC
    - SDWebImage
    - Toast-Swift
    - "UITextView+Placeholder"

SPEC CHECKSUMS:
  Alamofire: f9450d3c7f6bea2ad62e7a541c3e9b186c7991d6
  AlamofireObjectMapper: 74d1440c92c42bbcc2b5f4dc81654ac095ec669f
  AZTabBar: e4d5a1f5f3fc7be044d532b7a704d303cff9af11
  CalendarDateRangePicker: fa5f660023cf896180c04fe5c7687106734a54e4
  CountryList: ad58cd670c4ecab6bb014abebc12e63f619174b2
  CountryPickerView: 6322ada32a80b0cd721b0267282a5c24f406f263
  DatePickerDialog: ccff2f91ff7a018057a4d72fa5ad6de49c8cb0cd
  DateTimePicker: 52701ddf656a50856d3510955933f767cd2c947c
  EasyNotificationBadge: a3ebbcb1de0c0558e102e954380c75801f352702
  Firebase: 44213362f1dcc52555b935dc925ed35ac55f1b20
  FirebaseCore: 04186597c095da37d90ff9fd3e53bc61a1ff2440
  FirebaseCoreDiagnostics: 56fb7216d87e0e6ec2feddefa9d8a392fe8b2c18
  FirebaseInstallations: 830327b45345ffc859eaa9c17bcd5ae893fd5425
  FirebaseMessaging: b0aeba17332ee1ee610662b4d1e02a86db82f08f
  GoogleDataTransport: 629c20a4d363167143f30ea78320d5a7eb8bd940
  GoogleMaps: c213fc2334b7374144cede914da779b99be0ab74
  GooglePlaces: c97d96ae68594acb64035c9ca9f26fbfc1d23af1
  GoogleUtilities: e0913149f6b0625b553d70dae12b49fc62914fd1
  ImageCropper: 031f4dc49908419529d56cdedaea7111cd823c3d
  IQKeyboardManagerSwift: 79a3ec200dfb41cb66a89b8575417b5378107c5d
  JGProgressHUD: d83d7a981b85d11205e19ff8ad5bb9c40571c847
  LanguageManager-iOS: 049345fe4d1c5fbe22af93d438540917f4936359
  nanopb: a0ba3315591a9ae0a16a309ee504766e90db0c96
  ObjectMapper: 97111c97e054a6ee25917662106689f0b4127b37
  OTPFieldView: 700a752fe62c41d1c4914c78aa500fb30d97c255
  PromisesObjC: 68159ce6952d93e17b2dfe273b8c40907db5ba58
  SDWebImage: 240e5c12b592fb1268c1d03b8c90d90e8c2ffe82
  Toast-Swift: e42a638589a2f95036b4bb7626cfbdde7daf0393
  "UITextView+Placeholder": d7b0c400921f66523f3a85d74f774512e14f6502

PODFILE CHECKSUM: c4d01217ef4292c418ae962a5aa7908aece2e6ad

COCOAPODS: 1.11.2
